name: Generate Gemfile.lock for all platforms

on:
  workflow_dispatch:

jobs:
  generate-lockfile:
    runs-on: ubuntu-latest

    steps:
      - name: Setup Ruby
        uses: ruby/setup-ruby@v1
        with:
          ruby-version: 3.3
          bundler-cache: true

      - name: Create Gemfile
        run: |
          echo "source 'https://rubygems.org'" > Gemfile
          echo "gem 'metanorma-cli', '1.12.8'" >> Gemfile

      - name: Install bundler
        run: gem install bundler

      - name: Add multiple platforms to lockfile
        run: |
          bundle lock --add-platform x86_64-linux
          bundle lock --add-platform x64-mingw32
          bundle lock --add-platform arm64-darwin
          bundle lock --add-platform x86_64-darwin

      - name: Install dependencies
        run: bundle install

      - name: Upload lockfile artifact
        uses: actions/upload-artifact@v4
        with:
          name: gemfile-lock
          path: Gemfile.lock
